
Microsoft Visual Studio Solution File, Format Version 12.00
# Visual Studio Version 17
VisualStudioVersion = 17.13.35931.197 d17.13
MinimumVisualStudioVersion = 10.0.40219.1
Project("{FAE04EC0-301F-11D3-BF4B-00C04F79EFBC}") = "CLASE4_POO_20252C_WebApp", "CLASE4_POO_20252C_WebApp\CLASE4_POO_20252C_WebApp.csproj", "{4861FE59-5161-4B7C-8C43-54AB72EDCEB2}"
EndProject
Project("{FAE04EC0-301F-11D3-BF4B-00C04F79EFBC}") = "CLASE4_POO_Entidades", "CLASE4_POO_Entidades\CLASE4_POO_Entidades.csproj", "{1DF4F270-E842-4FBF-8420-0DD544648C91}"
EndProject
Project("{FAE04EC0-301F-11D3-BF4B-00C04F79EFBC}") = "CLASE4_POO_Servicio", "CLASE4_POO_Servicio\CLASE4_POO_Servicio.csproj", "{944F7903-F2E2-4E86-9F14-20EC311FD3E0}"
EndProject
Global
	GlobalSection(SolutionConfigurationPlatforms) = preSolution
		Debug|Any CPU = Debug|Any CPU
		Release|Any CPU = Release|Any CPU
	EndGlobalSection
	GlobalSection(ProjectConfigurationPlatforms) = postSolution
		{4861FE59-5161-4B7C-8C43-54AB72EDCEB2}.Debug|Any CPU.ActiveCfg = Debug|Any CPU
		{4861FE59-5161-4B7C-8C43-54AB72EDCEB2}.Debug|Any CPU.Build.0 = Debug|Any CPU
		{4861FE59-5161-4B7C-8C43-54AB72EDCEB2}.Release|Any CPU.ActiveCfg = Release|Any CPU
		{4861FE59-5161-4B7C-8C43-54AB72EDCEB2}.Release|Any CPU.Build.0 = Release|Any CPU
		{1DF4F270-E842-4FBF-8420-0DD544648C91}.Debug|Any CPU.ActiveCfg = Debug|Any CPU
		{1DF4F270-E842-4FBF-8420-0DD544648C91}.Debug|Any CPU.Build.0 = Debug|Any CPU
		{1DF4F270-E842-4FBF-8420-0DD544648C91}.Release|Any CPU.ActiveCfg = Release|Any CPU
		{1DF4F270-E842-4FBF-8420-0DD544648C91}.Release|Any CPU.Build.0 = Release|Any CPU
		{944F7903-F2E2-4E86-9F14-20EC311FD3E0}.Debug|Any CPU.ActiveCfg = Debug|Any CPU
		{944F7903-F2E2-4E86-9F14-20EC311FD3E0}.Debug|Any CPU.Build.0 = Debug|Any CPU
		{944F7903-F2E2-4E86-9F14-20EC311FD3E0}.Release|Any CPU.ActiveCfg = Release|Any CPU
		{944F7903-F2E2-4E86-9F14-20EC311FD3E0}.Release|Any CPU.Build.0 = Release|Any CPU
	EndGlobalSection
	GlobalSection(SolutionProperties) = preSolution
		HideSolutionNode = FALSE
	EndGlobalSection
	GlobalSection(ExtensibilityGlobals) = postSolution
		SolutionGuid = {8BF9DC86-9379-420E-AFBA-0070CD4D166D}
	EndGlobalSection
EndGlobal
