
Microsoft Visual Studio Solution File, Format Version 12.00
# Visual Studio Version 17
VisualStudioVersion = 17.14.36109.1 d17.14
MinimumVisualStudioVersion = 10.0.40219.1
Project("{FAE04EC0-301F-11D3-BF4B-00C04F79EFBC}") = "AdivinarNumero.Consola", "AdivinarNumero.Consola\AdivinarNumero.Consola.csproj", "{386C542B-D51A-4AC2-8059-BC1CEF80E684}"
EndProject
Project("{FAE04EC0-301F-11D3-BF4B-00C04F79EFBC}") = "AdivinarNumero.Logica", "AdivinarNumero.Logica\AdivinarNumero.Logica.csproj", "{6EAA5AF7-13BF-4D5E-B915-74E07D75FAE7}"
EndProject
Project("{FAE04EC0-301F-11D3-BF4B-00C04F79EFBC}") = "AdivinarNumero.Tests", "AdivinarNumero.Tests\AdivinarNumero.Tests.csproj", "{0984AD5E-2BDA-47A5-A4EC-DDB4477B49EF}"
EndProject
Global
	GlobalSection(SolutionConfigurationPlatforms) = preSolution
		Debug|Any CPU = Debug|Any CPU
		Release|Any CPU = Release|Any CPU
	EndGlobalSection
	GlobalSection(ProjectConfigurationPlatforms) = postSolution
		{386C542B-D51A-4AC2-8059-BC1CEF80E684}.Debug|Any CPU.ActiveCfg = Debug|Any CPU
		{386C542B-D51A-4AC2-8059-BC1CEF80E684}.Debug|Any CPU.Build.0 = Debug|Any CPU
		{386C542B-D51A-4AC2-8059-BC1CEF80E684}.Release|Any CPU.ActiveCfg = Release|Any CPU
		{386C542B-D51A-4AC2-8059-BC1CEF80E684}.Release|Any CPU.Build.0 = Release|Any CPU
		{6EAA5AF7-13BF-4D5E-B915-74E07D75FAE7}.Debug|Any CPU.ActiveCfg = Debug|Any CPU
		{6EAA5AF7-13BF-4D5E-B915-74E07D75FAE7}.Debug|Any CPU.Build.0 = Debug|Any CPU
		{6EAA5AF7-13BF-4D5E-B915-74E07D75FAE7}.Release|Any CPU.ActiveCfg = Release|Any CPU
		{6EAA5AF7-13BF-4D5E-B915-74E07D75FAE7}.Release|Any CPU.Build.0 = Release|Any CPU
		{0984AD5E-2BDA-47A5-A4EC-DDB4477B49EF}.Debug|Any CPU.ActiveCfg = Debug|Any CPU
		{0984AD5E-2BDA-47A5-A4EC-DDB4477B49EF}.Debug|Any CPU.Build.0 = Debug|Any CPU
		{0984AD5E-2BDA-47A5-A4EC-DDB4477B49EF}.Release|Any CPU.ActiveCfg = Release|Any CPU
		{0984AD5E-2BDA-47A5-A4EC-DDB4477B49EF}.Release|Any CPU.Build.0 = Release|Any CPU
	EndGlobalSection
	GlobalSection(SolutionProperties) = preSolution
		HideSolutionNode = FALSE
	EndGlobalSection
	GlobalSection(ExtensibilityGlobals) = postSolution
		SolutionGuid = {1ADD11EA-5D34-4D48-ACE5-F190D4F3CF7E}
	EndGlobalSection
EndGlobal
