
Microsoft Visual Studio Solution File, Format Version 12.00
# Visual Studio Version 17
VisualStudioVersion = 17.14.36414.22 d17.14
MinimumVisualStudioVersion = 10.0.40219.1
Project("{FAE04EC0-301F-11D3-BF4B-00C04F79EFBC}") = "Clase1.Consola", "Clase1.Consola\Clase1.Consola.csproj", "{036E9590-3F55-4DA6-A8B3-8A82C2DF9286}"
EndProject
Project("{FAE04EC0-301F-11D3-BF4B-00C04F79EFBC}") = "Clase1.Logica", "Clase1.Logica\Clase1.Logica.csproj", "{CB150B4D-9214-4AE2-947B-16E9FABD1C95}"
EndProject
Project("{FAE04EC0-301F-11D3-BF4B-00C04F79EFBC}") = "Clase1.Tests", "Clase1.Tests\Clase1.Tests.csproj", "{DAA0AD5D-0136-4868-BE5B-009934DE6D1E}"
EndProject
Global
	GlobalSection(SolutionConfigurationPlatforms) = preSolution
		Debug|Any CPU = Debug|Any CPU
		Release|Any CPU = Release|Any CPU
	EndGlobalSection
	GlobalSection(ProjectConfigurationPlatforms) = postSolution
		{036E9590-3F55-4DA6-A8B3-8A82C2DF9286}.Debug|Any CPU.ActiveCfg = Debug|Any CPU
		{036E9590-3F55-4DA6-A8B3-8A82C2DF9286}.Debug|Any CPU.Build.0 = Debug|Any CPU
		{036E9590-3F55-4DA6-A8B3-8A82C2DF9286}.Release|Any CPU.ActiveCfg = Release|Any CPU
		{036E9590-3F55-4DA6-A8B3-8A82C2DF9286}.Release|Any CPU.Build.0 = Release|Any CPU
		{CB150B4D-9214-4AE2-947B-16E9FABD1C95}.Debug|Any CPU.ActiveCfg = Debug|Any CPU
		{CB150B4D-9214-4AE2-947B-16E9FABD1C95}.Debug|Any CPU.Build.0 = Debug|Any CPU
		{CB150B4D-9214-4AE2-947B-16E9FABD1C95}.Release|Any CPU.ActiveCfg = Release|Any CPU
		{CB150B4D-9214-4AE2-947B-16E9FABD1C95}.Release|Any CPU.Build.0 = Release|Any CPU
		{DAA0AD5D-0136-4868-BE5B-009934DE6D1E}.Debug|Any CPU.ActiveCfg = Debug|Any CPU
		{DAA0AD5D-0136-4868-BE5B-009934DE6D1E}.Debug|Any CPU.Build.0 = Debug|Any CPU
		{DAA0AD5D-0136-4868-BE5B-009934DE6D1E}.Release|Any CPU.ActiveCfg = Release|Any CPU
		{DAA0AD5D-0136-4868-BE5B-009934DE6D1E}.Release|Any CPU.Build.0 = Release|Any CPU
	EndGlobalSection
	GlobalSection(SolutionProperties) = preSolution
		HideSolutionNode = FALSE
	EndGlobalSection
	GlobalSection(ExtensibilityGlobals) = postSolution
		SolutionGuid = {9FDA52C3-BD6E-454E-AFE7-BB740E7C54FD}
	EndGlobalSection
EndGlobal
