
Microsoft Visual Studio Solution File, Format Version 12.00
# Visual Studio Version 17
VisualStudioVersion = 17.14.36109.1
MinimumVisualStudioVersion = 10.0.40219.1
Project("{FAE04EC0-301F-11D3-BF4B-00C04F79EFBC}") = "Clase1.Consola", "Clase1.Consola\Clase1.Consola.csproj", "{386C542B-D51A-4AC2-8059-BC1CEF80E684}"
EndProject
Project("{FAE04EC0-301F-11D3-BF4B-00C04F79EFBC}") = "Clase1.Logica", "Clase1.Logica\Clase1.Logica.csproj", "{6EAA5AF7-13BF-4D5E-B915-74E07D75FAE7}"
EndProject
Project("{FAE04EC0-301F-11D3-BF4B-00C04F79EFBC}") = "Clase1.Tests", "Clase1.Tests\Clase1.Tests.csproj", "{0984AD5E-2BDA-47A5-A4EC-DDB4477B49EF}"
EndProject
Project("{FAE04EC0-301F-11D3-BF4B-00C04F79EFBC}") = "PracticaClase1.Consola", "..\PracticaClase1\PracticaClase1.Consola\PracticaClase1.Consola.csproj", "{BFAD23D9-C017-49A1-A5F7-48117212D91E}"
EndProject
Project("{FAE04EC0-301F-11D3-BF4B-00C04F79EFBC}") = "PracticaClase1.Logica", "..\PracticaClase1\PracticaClase1.Logica\PracticaClase1.Logica.csproj", "{71CD6739-FA9F-4198-8739-9212F5F84AD1}"
EndProject
Project("{FAE04EC0-301F-11D3-BF4B-00C04F79EFBC}") = "PracticaClase1.Test", "..\PracticaClase1\PracticaClase1.Test\PracticaClase1.Test.csproj", "{1A81B100-8AF6-48B4-AAF4-C682D322B95A}"
EndProject
Global
	GlobalSection(SolutionConfigurationPlatforms) = preSolution
		Debug|Any CPU = Debug|Any CPU
		Debug|x64 = Debug|x64
		Debug|x86 = Debug|x86
		Release|Any CPU = Release|Any CPU
		Release|x64 = Release|x64
		Release|x86 = Release|x86
	EndGlobalSection
	GlobalSection(ProjectConfigurationPlatforms) = postSolution
		{386C542B-D51A-4AC2-8059-BC1CEF80E684}.Debug|Any CPU.ActiveCfg = Debug|Any CPU
		{386C542B-D51A-4AC2-8059-BC1CEF80E684}.Debug|Any CPU.Build.0 = Debug|Any CPU
		{386C542B-D51A-4AC2-8059-BC1CEF80E684}.Debug|x64.ActiveCfg = Debug|Any CPU
		{386C542B-D51A-4AC2-8059-BC1CEF80E684}.Debug|x64.Build.0 = Debug|Any CPU
		{386C542B-D51A-4AC2-8059-BC1CEF80E684}.Debug|x86.ActiveCfg = Debug|Any CPU
		{386C542B-D51A-4AC2-8059-BC1CEF80E684}.Debug|x86.Build.0 = Debug|Any CPU
		{386C542B-D51A-4AC2-8059-BC1CEF80E684}.Release|Any CPU.ActiveCfg = Release|Any CPU
		{386C542B-D51A-4AC2-8059-BC1CEF80E684}.Release|Any CPU.Build.0 = Release|Any CPU
		{386C542B-D51A-4AC2-8059-BC1CEF80E684}.Release|x64.ActiveCfg = Release|Any CPU
		{386C542B-D51A-4AC2-8059-BC1CEF80E684}.Release|x64.Build.0 = Release|Any CPU
		{386C542B-D51A-4AC2-8059-BC1CEF80E684}.Release|x86.ActiveCfg = Release|Any CPU
		{386C542B-D51A-4AC2-8059-BC1CEF80E684}.Release|x86.Build.0 = Release|Any CPU
		{6EAA5AF7-13BF-4D5E-B915-74E07D75FAE7}.Debug|Any CPU.ActiveCfg = Debug|Any CPU
		{6EAA5AF7-13BF-4D5E-B915-74E07D75FAE7}.Debug|Any CPU.Build.0 = Debug|Any CPU
		{6EAA5AF7-13BF-4D5E-B915-74E07D75FAE7}.Debug|x64.ActiveCfg = Debug|Any CPU
		{6EAA5AF7-13BF-4D5E-B915-74E07D75FAE7}.Debug|x64.Build.0 = Debug|Any CPU
		{6EAA5AF7-13BF-4D5E-B915-74E07D75FAE7}.Debug|x86.ActiveCfg = Debug|Any CPU
		{6EAA5AF7-13BF-4D5E-B915-74E07D75FAE7}.Debug|x86.Build.0 = Debug|Any CPU
		{6EAA5AF7-13BF-4D5E-B915-74E07D75FAE7}.Release|Any CPU.ActiveCfg = Release|Any CPU
		{6EAA5AF7-13BF-4D5E-B915-74E07D75FAE7}.Release|Any CPU.Build.0 = Release|Any CPU
		{6EAA5AF7-13BF-4D5E-B915-74E07D75FAE7}.Release|x64.ActiveCfg = Release|Any CPU
		{6EAA5AF7-13BF-4D5E-B915-74E07D75FAE7}.Release|x64.Build.0 = Release|Any CPU
		{6EAA5AF7-13BF-4D5E-B915-74E07D75FAE7}.Release|x86.ActiveCfg = Release|Any CPU
		{6EAA5AF7-13BF-4D5E-B915-74E07D75FAE7}.Release|x86.Build.0 = Release|Any CPU
		{0984AD5E-2BDA-47A5-A4EC-DDB4477B49EF}.Debug|Any CPU.ActiveCfg = Debug|Any CPU
		{0984AD5E-2BDA-47A5-A4EC-DDB4477B49EF}.Debug|Any CPU.Build.0 = Debug|Any CPU
		{0984AD5E-2BDA-47A5-A4EC-DDB4477B49EF}.Debug|x64.ActiveCfg = Debug|Any CPU
		{0984AD5E-2BDA-47A5-A4EC-DDB4477B49EF}.Debug|x64.Build.0 = Debug|Any CPU
		{0984AD5E-2BDA-47A5-A4EC-DDB4477B49EF}.Debug|x86.ActiveCfg = Debug|Any CPU
		{0984AD5E-2BDA-47A5-A4EC-DDB4477B49EF}.Debug|x86.Build.0 = Debug|Any CPU
		{0984AD5E-2BDA-47A5-A4EC-DDB4477B49EF}.Release|Any CPU.ActiveCfg = Release|Any CPU
		{0984AD5E-2BDA-47A5-A4EC-DDB4477B49EF}.Release|Any CPU.Build.0 = Release|Any CPU
		{0984AD5E-2BDA-47A5-A4EC-DDB4477B49EF}.Release|x64.ActiveCfg = Release|Any CPU
		{0984AD5E-2BDA-47A5-A4EC-DDB4477B49EF}.Release|x64.Build.0 = Release|Any CPU
		{0984AD5E-2BDA-47A5-A4EC-DDB4477B49EF}.Release|x86.ActiveCfg = Release|Any CPU
		{0984AD5E-2BDA-47A5-A4EC-DDB4477B49EF}.Release|x86.Build.0 = Release|Any CPU
		{BFAD23D9-C017-49A1-A5F7-48117212D91E}.Debug|Any CPU.ActiveCfg = Debug|Any CPU
		{BFAD23D9-C017-49A1-A5F7-48117212D91E}.Debug|Any CPU.Build.0 = Debug|Any CPU
		{BFAD23D9-C017-49A1-A5F7-48117212D91E}.Debug|x64.ActiveCfg = Debug|Any CPU
		{BFAD23D9-C017-49A1-A5F7-48117212D91E}.Debug|x64.Build.0 = Debug|Any CPU
		{BFAD23D9-C017-49A1-A5F7-48117212D91E}.Debug|x86.ActiveCfg = Debug|Any CPU
		{BFAD23D9-C017-49A1-A5F7-48117212D91E}.Debug|x86.Build.0 = Debug|Any CPU
		{BFAD23D9-C017-49A1-A5F7-48117212D91E}.Release|Any CPU.ActiveCfg = Release|Any CPU
		{BFAD23D9-C017-49A1-A5F7-48117212D91E}.Release|Any CPU.Build.0 = Release|Any CPU
		{BFAD23D9-C017-49A1-A5F7-48117212D91E}.Release|x64.ActiveCfg = Release|Any CPU
		{BFAD23D9-C017-49A1-A5F7-48117212D91E}.Release|x64.Build.0 = Release|Any CPU
		{BFAD23D9-C017-49A1-A5F7-48117212D91E}.Release|x86.ActiveCfg = Release|Any CPU
		{BFAD23D9-C017-49A1-A5F7-48117212D91E}.Release|x86.Build.0 = Release|Any CPU
		{71CD6739-FA9F-4198-8739-9212F5F84AD1}.Debug|Any CPU.ActiveCfg = Debug|Any CPU
		{71CD6739-FA9F-4198-8739-9212F5F84AD1}.Debug|Any CPU.Build.0 = Debug|Any CPU
		{71CD6739-FA9F-4198-8739-9212F5F84AD1}.Debug|x64.ActiveCfg = Debug|Any CPU
		{71CD6739-FA9F-4198-8739-9212F5F84AD1}.Debug|x64.Build.0 = Debug|Any CPU
		{71CD6739-FA9F-4198-8739-9212F5F84AD1}.Debug|x86.ActiveCfg = Debug|Any CPU
		{71CD6739-FA9F-4198-8739-9212F5F84AD1}.Debug|x86.Build.0 = Debug|Any CPU
		{71CD6739-FA9F-4198-8739-9212F5F84AD1}.Release|Any CPU.ActiveCfg = Release|Any CPU
		{71CD6739-FA9F-4198-8739-9212F5F84AD1}.Release|Any CPU.Build.0 = Release|Any CPU
		{71CD6739-FA9F-4198-8739-9212F5F84AD1}.Release|x64.ActiveCfg = Release|Any CPU
		{71CD6739-FA9F-4198-8739-9212F5F84AD1}.Release|x64.Build.0 = Release|Any CPU
		{71CD6739-FA9F-4198-8739-9212F5F84AD1}.Release|x86.ActiveCfg = Release|Any CPU
		{71CD6739-FA9F-4198-8739-9212F5F84AD1}.Release|x86.Build.0 = Release|Any CPU
		{1A81B100-8AF6-48B4-AAF4-C682D322B95A}.Debug|Any CPU.ActiveCfg = Debug|Any CPU
		{1A81B100-8AF6-48B4-AAF4-C682D322B95A}.Debug|Any CPU.Build.0 = Debug|Any CPU
		{1A81B100-8AF6-48B4-AAF4-C682D322B95A}.Debug|x64.ActiveCfg = Debug|Any CPU
		{1A81B100-8AF6-48B4-AAF4-C682D322B95A}.Debug|x64.Build.0 = Debug|Any CPU
		{1A81B100-8AF6-48B4-AAF4-C682D322B95A}.Debug|x86.ActiveCfg = Debug|Any CPU
		{1A81B100-8AF6-48B4-AAF4-C682D322B95A}.Debug|x86.Build.0 = Debug|Any CPU
		{1A81B100-8AF6-48B4-AAF4-C682D322B95A}.Release|Any CPU.ActiveCfg = Release|Any CPU
		{1A81B100-8AF6-48B4-AAF4-C682D322B95A}.Release|Any CPU.Build.0 = Release|Any CPU
		{1A81B100-8AF6-48B4-AAF4-C682D322B95A}.Release|x64.ActiveCfg = Release|Any CPU
		{1A81B100-8AF6-48B4-AAF4-C682D322B95A}.Release|x64.Build.0 = Release|Any CPU
		{1A81B100-8AF6-48B4-AAF4-C682D322B95A}.Release|x86.ActiveCfg = Release|Any CPU
		{1A81B100-8AF6-48B4-AAF4-C682D322B95A}.Release|x86.Build.0 = Release|Any CPU
	EndGlobalSection
	GlobalSection(SolutionProperties) = preSolution
		HideSolutionNode = FALSE
	EndGlobalSection
	GlobalSection(ExtensibilityGlobals) = postSolution
		SolutionGuid = {1ADD11EA-5D34-4D48-ACE5-F190D4F3CF7E}
	EndGlobalSection
EndGlobal
